
Microsoft Visual Studio Solution File, Format Version 12.00
# Visual Studio Version 17
VisualStudioVersion = 17.11.35312.102
MinimumVisualStudioVersion = 10.0.40219.1
Project("{FAE04EC0-301F-11D3-BF4B-00C04F79EFBC}") = "01_MainSubjects", "01_MainSubjects\01_MainSubjects.csproj", "{1DA2CDB5-335E-4B51-AF80-268161CD4D35}"
EndProject
Project("{FAE04EC0-301F-11D3-BF4B-00C04F79EFBC}") = "02_Variables", "02_Variables\02_Variables.csproj", "{5DF53C5D-C7EA-46AE-B605-00F2014AC74F}"
EndProject
Project("{FAE04EC0-301F-11D3-BF4B-00C04F79EFBC}") = "03_MakingDecision", "03_MakingDecision\03_MakingDecision.csproj", "{675374D0-DF48-4A7A-8F2F-A4C7961AA041}"
EndProject
Project("{FAE04EC0-301F-11D3-BF4B-00C04F79EFBC}") = "04_Loops", "04_Loops\04_Loops.csproj", "{B8B1B6C5-5471-499F-8E52-AF7CFB98D377}"
EndProject
Project("{FAE04EC0-301F-11D3-BF4B-00C04F79EFBC}") = "05_LoopsWithStarts", "05_LoopsWithStarts\05_LoopsWithStarts.csproj", "{E5ABCE29-A027-43D7-ABC1-6FDBF9626B71}"
EndProject
Global
	GlobalSection(SolutionConfigurationPlatforms) = preSolution
		Debug|Any CPU = Debug|Any CPU
		Release|Any CPU = Release|Any CPU
	EndGlobalSection
	GlobalSection(ProjectConfigurationPlatforms) = postSolution
		{1DA2CDB5-335E-4B51-AF80-268161CD4D35}.Debug|Any CPU.ActiveCfg = Debug|Any CPU
		{1DA2CDB5-335E-4B51-AF80-268161CD4D35}.Debug|Any CPU.Build.0 = Debug|Any CPU
		{1DA2CDB5-335E-4B51-AF80-268161CD4D35}.Release|Any CPU.ActiveCfg = Release|Any CPU
		{1DA2CDB5-335E-4B51-AF80-268161CD4D35}.Release|Any CPU.Build.0 = Release|Any CPU
		{5DF53C5D-C7EA-46AE-B605-00F2014AC74F}.Debug|Any CPU.ActiveCfg = Debug|Any CPU
		{5DF53C5D-C7EA-46AE-B605-00F2014AC74F}.Debug|Any CPU.Build.0 = Debug|Any CPU
		{5DF53C5D-C7EA-46AE-B605-00F2014AC74F}.Release|Any CPU.ActiveCfg = Release|Any CPU
		{5DF53C5D-C7EA-46AE-B605-00F2014AC74F}.Release|Any CPU.Build.0 = Release|Any CPU
		{675374D0-DF48-4A7A-8F2F-A4C7961AA041}.Debug|Any CPU.ActiveCfg = Debug|Any CPU
		{675374D0-DF48-4A7A-8F2F-A4C7961AA041}.Debug|Any CPU.Build.0 = Debug|Any CPU
		{675374D0-DF48-4A7A-8F2F-A4C7961AA041}.Release|Any CPU.ActiveCfg = Release|Any CPU
		{675374D0-DF48-4A7A-8F2F-A4C7961AA041}.Release|Any CPU.Build.0 = Release|Any CPU
		{B8B1B6C5-5471-499F-8E52-AF7CFB98D377}.Debug|Any CPU.ActiveCfg = Debug|Any CPU
		{B8B1B6C5-5471-499F-8E52-AF7CFB98D377}.Debug|Any CPU.Build.0 = Debug|Any CPU
		{B8B1B6C5-5471-499F-8E52-AF7CFB98D377}.Release|Any CPU.ActiveCfg = Release|Any CPU
		{B8B1B6C5-5471-499F-8E52-AF7CFB98D377}.Release|Any CPU.Build.0 = Release|Any CPU
		{E5ABCE29-A027-43D7-ABC1-6FDBF9626B71}.Debug|Any CPU.ActiveCfg = Debug|Any CPU
		{E5ABCE29-A027-43D7-ABC1-6FDBF9626B71}.Debug|Any CPU.Build.0 = Debug|Any CPU
		{E5ABCE29-A027-43D7-ABC1-6FDBF9626B71}.Release|Any CPU.ActiveCfg = Release|Any CPU
		{E5ABCE29-A027-43D7-ABC1-6FDBF9626B71}.Release|Any CPU.Build.0 = Release|Any CPU
	EndGlobalSection
	GlobalSection(SolutionProperties) = preSolution
		HideSolutionNode = FALSE
	EndGlobalSection
	GlobalSection(ExtensibilityGlobals) = postSolution
		SolutionGuid = {F4D1FD21-CB30-4ADE-BDF5-FFA8E7218B70}
	EndGlobalSection
EndGlobal
